// !$*UTF8*$!
{
	archiveVersion = 1;
	classes = {
	};
	objectVersion = 46;
	objects = {

/* Begin PBXBuildFile section */
		E47712851D67EBC100C2E5D1 /* AppDelegate.swift in Sources */ = {isa = PBXBuildFile; fileRef = E47712841D67EBC100C2E5D1 /* AppDelegate.swift */; };
		E47712871D67EBC100C2E5D1 /* ViewController.swift in Sources */ = {isa = PBXBuildFile; fileRef = E47712861D67EBC100C2E5D1 /* ViewController.swift */; };
		E477128A1D67EBC100C2E5D1 /* Main.storyboard in Resources */ = {isa = PBXBuildFile; fileRef = E47712881D67EBC100C2E5D1 /* Main.storyboard */; };
		E477128C1D67EBC100C2E5D1 /* Assets.xcassets in Resources */ = {isa = PBXBuildFile; fileRef = E477128B1D67EBC100C2E5D1 /* Assets.xcassets */; };
		E477128F1D67EBC100C2E5D1 /* LaunchScreen.storyboard in Resources */ = {isa = PBXBuildFile; fileRef = E477128D1D67EBC100C2E5D1 /* LaunchScreen.storyboard */; };
		E47712971D67EC8700C2E5D1 /* PenguinViewController.swift in Sources */ = {isa = PBXBuildFile; fileRef = E47712961D67EC8700C2E5D1 /* PenguinViewController.swift */; };
		E477129B1D67F24100C2E5D1 /* AppIcon.icns in Resources */ = {isa = PBXBuildFile; fileRef = E47712991D67F24100C2E5D1 /* AppIcon.icns */; };
		E477129C1D67F24100C2E5D1 /* penguin.gif in Resources */ = {isa = PBXBuildFile; fileRef = E477129A1D67F24100C2E5D1 /* penguin.gif */; };
/* End PBXBuildFile section */

/* Begin PBXFileReference section */
		E47712811D67EBC000C2E5D1 /* Penguin.app */ = {isa = PBXFileReference; explicitFileType = wrapper.application; includeInIndex = 0; path = Penguin.app; sourceTree = BUILT_PRODUCTS_DIR; };
		E47712841D67EBC100C2E5D1 /* AppDelegate.swift */ = {isa = PBXFileReference; lastKnownFileType = sourcecode.swift; path = AppDelegate.swift; sourceTree = "<group>"; };
		E47712861D67EBC100C2E5D1 /* ViewController.swift */ = {isa = PBXFileReference; lastKnownFileType = sourcecode.swift; path = ViewController.swift; sourceTree = "<group>"; };
		E47712891D67EBC100C2E5D1 /* Base */ = {isa = PBXFileReference; lastKnownFileType = file.storyboard; name = Base; path = Base.lproj/Main.storyboard; sourceTree = "<group>"; };
		E477128B1D67EBC100C2E5D1 /* Assets.xcassets */ = {isa = PBXFileReference; lastKnownFileType = folder.assetcatalog; path = Assets.xcassets; sourceTree = "<group>"; };
		E477128E1D67EBC100C2E5D1 /* Base */ = {isa = PBXFileReference; lastKnownFileType = file.storyboard; name = Base; path = Base.lproj/LaunchScreen.storyboard; sourceTree = "<group>"; };
		E47712901D67EBC100C2E5D1 /* Info.plist */ = {isa = PBXFileReference; lastKnownFileType = text.plist.xml; path = Info.plist; sourceTree = "<group>"; };
		E47712961D67EC8700C2E5D1 /* PenguinViewController.swift */ = {isa = PBXFileReference; fileEncoding = 4; lastKnownFileType = sourcecode.swift; path = PenguinViewController.swift; sourceTree = "<group>"; };
		E47712991D67F24100C2E5D1 /* AppIcon.icns */ = {isa = PBXFileReference; lastKnownFileType = image.icns; path = AppIcon.icns; sourceTree = "<group>"; };
		E477129A1D67F24100C2E5D1 /* penguin.gif */ = {isa = PBXFileReference; lastKnownFileType = image.gif; path = penguin.gif; sourceTree = "<group>"; };
/* End PBXFileReference section */

/* Begin PBXFrameworksBuildPhase section */
		E477127E1D67EBC000C2E5D1 /* Frameworks */ = {
			isa = PBXFrameworksBuildPhase;
			buildActionMask = 2147483647;
			files = (
			);
			runOnlyForDeploymentPostprocessing = 0;
		};
/* End PBXFrameworksBuildPhase section */

/* Begin PBXGroup section */
		E47712781D67EBC000C2E5D1 = {
			isa = PBXGroup;
			children = (
				E47712981D67F24100C2E5D1 /* image */,
				E47712831D67EBC100C2E5D1 /* Penguin */,
				E47712821D67EBC000C2E5D1 /* Products */,
			);
			sourceTree = "<group>";
		};
		E47712821D67EBC000C2E5D1 /* Products */ = {
			isa = PBXGroup;
			children = (
				E47712811D67EBC000C2E5D1 /* Penguin.app */,
			);
			name = Products;
			sourceTree = "<group>";
		};
		E47712831D67EBC100C2E5D1 /* Penguin */ = {
			isa = PBXGroup;
			children = (
				E47712841D67EBC100C2E5D1 /* AppDelegate.swift */,
				E47712861D67EBC100C2E5D1 /* ViewController.swift */,
				E47712961D67EC8700C2E5D1 /* PenguinViewController.swift */,
				E47712881D67EBC100C2E5D1 /* Main.storyboard */,
				E477128B1D67EBC100C2E5D1 /* Assets.xcassets */,
				E477128D1D67EBC100C2E5D1 /* LaunchScreen.storyboard */,
				E47712901D67EBC100C2E5D1 /* Info.plist */,
			);
			path = Penguin;
			sourceTree = "<group>";
		};
		E47712981D67F24100C2E5D1 /* image */ = {
			isa = PBXGroup;
			children = (
				E47712991D67F24100C2E5D1 /* AppIcon.icns */,
				E477129A1D67F24100C2E5D1 /* penguin.gif */,
			);
			path = image;
			sourceTree = "<group>";
		};
/* End PBXGroup section */

/* Begin PBXNativeTarget section */
		E47712801D67EBC000C2E5D1 /* Penguin */ = {
			isa = PBXNativeTarget;
			buildConfigurationList = E47712931D67EBC100C2E5D1 /* Build configuration list for PBXNativeTarget "Penguin" */;
			buildPhases = (
				E477127D1D67EBC000C2E5D1 /* Sources */,
				E477127E1D67EBC000C2E5D1 /* Frameworks */,
				E477127F1D67EBC000C2E5D1 /* Resources */,
			);
			buildRules = (
			);
			dependencies = (
			);
			name = Penguin;
			productName = Penguin;
			productReference = E47712811D67EBC000C2E5D1 /* Penguin.app */;
			productType = "com.apple.product-type.application";
		};
/* End PBXNativeTarget section */

/* Begin PBXProject section */
		E47712791D67EBC000C2E5D1 /* Project object */ = {
			isa = PBXProject;
			attributes = {
				LastSwiftUpdateCheck = 0730;
				LastUpgradeCheck = 0940;
				ORGANIZATIONNAME = ShengboCai;
				TargetAttributes = {
					E47712801D67EBC000C2E5D1 = {
						CreatedOnToolsVersion = 7.3.1;
						LastSwiftMigration = 1010;
					};
				};
			};
			buildConfigurationList = E477127C1D67EBC000C2E5D1 /* Build configuration list for PBXProject "Penguin" */;
			compatibilityVersion = "Xcode 3.2";
			developmentRegion = English;
			hasScannedForEncodings = 0;
			knownRegions = (
				en,
				Base,
			);
			mainGroup = E47712781D67EBC000C2E5D1;
			productRefGroup = E47712821D67EBC000C2E5D1 /* Products */;
			projectDirPath = "";
			projectRoot = "";
			targets = (
				E47712801D67EBC000C2E5D1 /* Penguin */,
			);
		};
/* End PBXProject section */

/* Begin PBXResourcesBuildPhase section */
		E477127F1D67EBC000C2E5D1 /* Resources */ = {
			isa = PBXResourcesBuildPhase;
			buildActionMask = 2147483647;
			files = (
				E477129C1D67F24100C2E5D1 /* penguin.gif in Resources */,
				E477128F1D67EBC100C2E5D1 /* LaunchScreen.storyboard in Resources */,
				E477129B1D67F24100C2E5D1 /* AppIcon.icns in Resources */,
				E477128C1D67EBC100C2E5D1 /* Assets.xcassets in Resources */,
				E477128A1D67EBC100C2E5D1 /* Main.storyboard in Resources */,
			);
			runOnlyForDeploymentPostprocessing = 0;
		};
/* End PBXResourcesBuildPhase section */

/* Begin PBXSourcesBuildPhase section */
		E477127D1D67EBC000C2E5D1 /* Sources */ = {
			isa = PBXSourcesBuildPhase;
			buildActionMask = 2147483647;
			files = (
				E47712971D67EC8700C2E5D1 /* PenguinViewController.swift in Sources */,
				E47712871D67EBC100C2E5D1 /* ViewController.swift in Sources */,
				E47712851D67EBC100C2E5D1 /* AppDelegate.swift in Sources */,
			);
			runOnlyForDeploymentPostprocessing = 0;
		};
/* End PBXSourcesBuildPhase section */

/* Begin PBXVariantGroup section */
		E47712881D67EBC100C2E5D1 /* Main.storyboard */ = {
			isa = PBXVariantGroup;
			children = (
				E47712891D67EBC100C2E5D1 /* Base */,
			);
			name = Main.storyboard;
			sourceTree = "<group>";
		};
		E477128D1D67EBC100C2E5D1 /* LaunchScreen.storyboard */ = {
			isa = PBXVariantGroup;
			children = (
				E477128E1D67EBC100C2E5D1 /* Base */,
			);
			name = LaunchScreen.storyboard;
			sourceTree = "<group>";
		};
/* End PBXVariantGroup section */

/* Begin XCBuildConfiguration section */
		E47712911D67EBC100C2E5D1 /* Debug */ = {
			isa = XCBuildConfiguration;
			buildSettings = {
				ALWAYS_SEARCH_USER_PATHS = NO;
				CLANG_ANALYZER_NONNULL = YES;
				CLANG_CXX_LANGUAGE_STANDARD = "gnu++0x";
				CLANG_CXX_LIBRARY = "libc++";
				CLANG_ENABLE_MODULES = YES;
				CLANG_ENABLE_OBJC_ARC = YES;
				CLANG_WARN_BLOCK_CAPTURE_AUTORELEASING = YES;
				CLANG_WARN_BOOL_CONVERSION = YES;
				CLANG_WARN_COMMA = YES;
				CLANG_WARN_CONSTANT_CONVERSION = YES;
				CLANG_WARN_DEPRECATED_OBJC_IMPLEMENTATIONS = YES;
				CLANG_WARN_DIRECT_OBJC_ISA_USAGE = YES_ERROR;
				CLANG_WARN_EMPTY_BODY = YES;
				CLANG_WARN_ENUM_CONVERSION = YES;
				CLANG_WARN_INFINITE_RECURSION = YES;
				CLANG_WARN_INT_CONVERSION = YES;
				CLANG_WARN_NON_LITERAL_NULL_CONVERSION = YES;
				CLANG_WARN_OBJC_IMPLICIT_RETAIN_SELF = YES;
				CLANG_WARN_OBJC_LITERAL_CONVERSION = YES;
				CLANG_WARN_OBJC_ROOT_CLASS = YES_ERROR;
				CLANG_WARN_RANGE_LOOP_ANALYSIS = YES;
				CLANG_WARN_STRICT_PROTOTYPES = YES;
				CLANG_WARN_SUSPICIOUS_MOVE = YES;
				CLANG_WARN_UNREACHABLE_CODE = YES;
				CLANG_WARN__DUPLICATE_METHOD_MATCH = YES;
				"CODE_SIGN_IDENTITY[sdk=iphoneos*]" = "iPhone Developer";
				COPY_PHASE_STRIP = NO;
				DEBUG_INFORMATION_FORMAT = dwarf;
				ENABLE_STRICT_OBJC_MSGSEND = YES;
				ENABLE_TESTABILITY = YES;
				GCC_C_LANGUAGE_STANDARD = gnu99;
				GCC_DYNAMIC_NO_PIC = NO;
				GCC_NO_COMMON_BLOCKS = YES;
				GCC_OPTIMIZATION_LEVEL = 0;
				GCC_PREPROCESSOR_DEFINITIONS = (
					"DEBUG=1",
					"$(inherited)",
				);
				GCC_WARN_64_TO_32_BIT_CONVERSION = YES;
				GCC_WARN_ABOUT_RETURN_TYPE = YES_ERROR;
				GCC_WARN_UNDECLARED_SELECTOR = YES;
				GCC_WARN_UNINITIALIZED_AUTOS = YES_AGGRESSIVE;
				GCC_WARN_UNUSED_FUNCTION = YES;
				GCC_WARN_UNUSED_VARIABLE = YES;
				IPHONEOS_DEPLOYMENT_TARGET = 9.3;
				MTL_ENABLE_DEBUG_INFO = YES;
				ONLY_ACTIVE_ARCH = YES;
				SDKROOT = iphoneos;
				SWIFT_OPTIMIZATION_LEVEL = "-Onone";
			};
			name = Debug;
		};
		E47712921D67EBC100C2E5D1 /* Release */ = {
			isa = XCBuildConfiguration;
			buildSettings = {
				ALWAYS_SEARCH_USER_PATHS = NO;
				CLANG_ANALYZER_NONNULL = YES;
				CLANG_CXX_LANGUAGE_STANDARD = "gnu++0x";
				CLANG_CXX_LIBRARY = "libc++";
				CLANG_ENABLE_MODULES = YES;
				CLANG_ENABLE_OBJC_ARC = YES;
				CLANG_WARN_BLOCK_CAPTURE_AUTORELEASING = YES;
				CLANG_WARN_BOOL_CONVERSION = YES;
				CLANG_WARN_COMMA = YES;
				CLANG_WARN_CONSTANT_CONVERSION = YES;
				CLANG_WARN_DEPRECATED_OBJC_IMPLEMENTATIONS = YES;
				CLANG_WARN_DIRECT_OBJC_ISA_USAGE = YES_ERROR;
				CLANG_WARN_EMPTY_BODY = YES;
				CLANG_WARN_ENUM_CONVERSION = YES;
				CLANG_WARN_INFINITE_RECURSION = YES;
				CLANG_WARN_INT_CONVERSION = YES;
				CLANG_WARN_NON_LITERAL_NULL_CONVERSION = YES;
				CLANG_WARN_OBJC_IMPLICIT_RETAIN_SELF = YES;
				CLANG_WARN_OBJC_LITERAL_CONVERSION = YES;
				CLANG_WARN_OBJC_ROOT_CLASS = YES_ERROR;
				CLANG_WARN_RANGE_LOOP_ANALYSIS = YES;
				CLANG_WARN_STRICT_PROTOTYPES = YES;
				CLANG_WARN_SUSPICIOUS_MOVE = YES;
				CLANG_WARN_UNREACHABLE_CODE = YES;
				CLANG_WARN__DUPLICATE_METHOD_MATCH = YES;
				"CODE_SIGN_IDENTITY[sdk=iphoneos*]" = "iPhone Developer";
				COPY_PHASE_STRIP = NO;
				DEBUG_INFORMATION_FORMAT = "dwarf-with-dsym";
				ENABLE_NS_ASSERTIONS = NO;
				ENABLE_STRICT_OBJC_MSGSEND = YES;
				GCC_C_LANGUAGE_STANDARD = gnu99;
				GCC_NO_COMMON_BLOCKS = YES;
				GCC_WARN_64_TO_32_BIT_CONVERSION = YES;
				GCC_WARN_ABOUT_RETURN_TYPE = YES_ERROR;
				GCC_WARN_UNDECLARED_SELECTOR = YES;
				GCC_WARN_UNINITIALIZED_AUTOS = YES_AGGRESSIVE;
				GCC_WARN_UNUSED_FUNCTION = YES;
				GCC_WARN_UNUSED_VARIABLE = YES;
				IPHONEOS_DEPLOYMENT_TARGET = 9.3;
				MTL_ENABLE_DEBUG_INFO = NO;
				SDKROOT = iphoneos;
				SWIFT_COMPILATION_MODE = wholemodule;
				VALIDATE_PRODUCT = YES;
			};
			name = Release;
		};
		E47712941D67EBC100C2E5D1 /* Debug */ = {
			isa = XCBuildConfiguration;
			buildSettings = {
				ASSETCATALOG_COMPILER_APPICON_NAME = AppIcon;
				INFOPLIST_FILE = Penguin/Info.plist;
				LD_RUNPATH_SEARCH_PATHS = "$(inherited) @executable_path/Frameworks";
				PRODUCT_BUNDLE_IDENTIFIER = mengdong.Penguin;
				PRODUCT_NAME = "$(TARGET_NAME)";
				SWIFT_VERSION = 4.2;
			};
			name = Debug;
		};
		E47712951D67EBC100C2E5D1 /* Release */ = {
			isa = XCBuildConfiguration;
			buildSettings = {
				ASSETCATALOG_COMPILER_APPICON_NAME = AppIcon;
				INFOPLIST_FILE = Penguin/Info.plist;
				LD_RUNPATH_SEARCH_PATHS = "$(inherited) @executable_path/Frameworks";
				PRODUCT_BUNDLE_IDENTIFIER = mengdong.Penguin;
				PRODUCT_NAME = "$(TARGET_NAME)";
				SWIFT_VERSION = 4.2;
			};
			name = Release;
		};
/* End XCBuildConfiguration section */

/* Begin XCConfigurationList section */
		E477127C1D67EBC000C2E5D1 /* Build configuration list for PBXProject "Penguin" */ = {
			isa = XCConfigurationList;
			buildConfigurations = (
				E47712911D67EBC100C2E5D1 /* Debug */,
				E47712921D67EBC100C2E5D1 /* Release */,
			);
			defaultConfigurationIsVisible = 0;
			defaultConfigurationName = Release;
		};
		E47712931D67EBC100C2E5D1 /* Build configuration list for PBXNativeTarget "Penguin" */ = {
			isa = XCConfigurationList;
			buildConfigurations = (
				E47712941D67EBC100C2E5D1 /* Debug */,
				E47712951D67EBC100C2E5D1 /* Release */,
			);
			defaultConfigurationIsVisible = 0;
			defaultConfigurationName = Release;
		};
/* End XCConfigurationList section */
	};
	rootObject = E47712791D67EBC000C2E5D1 /* Project object */;
}
